# This file is automatically @generated by Cargo.
# It is not intended for manual editing.
version = 4

[[package]]
name = "char-classes"
version = "0.3.2"
dependencies = [
 "char-classes-proc_macro",
]

[[package]]
name = "char-classes-proc_macro"
version = "0.2.2"
dependencies = [
 "litrs",
]

[[package]]
name = "litrs"
version = "0.5.0"
source = "registry+https://github.com/rust-lang/crates.io-index"
checksum = "e140c029a6b03d8e6922ecc9d3cb7f672e4f9beadd43ab3ddd46ca9a1ae9a898"
